PODS:
  - Flutter (1.0.0)
  - flutter_secure_storage (6.0.0):
    - Flutter
  - insta_assets_crop (0.0.1):
    - Flutter

DEPENDENCIES:
  - Flutter (from `Flutter`)
  - flutter_secure_storage (from `.symlinks/plugins/flutter_secure_storage/ios`)
  - insta_assets_crop (from `.symlinks/plugins/insta_assets_crop/ios`)

EXTERNAL SOURCES:
  Flutter:
    :path: Flutter
  flutter_secure_storage:
    :path: ".symlinks/plugins/flutter_secure_storage/ios"
  insta_assets_crop:
    :path: ".symlinks/plugins/insta_assets_crop/ios"

SPEC CHECKSUMS:
  Flutter: 71a624a5bc0c04062bf19101d501e466baf2fb47
  flutter_secure_storage: 1ed9476fba7e7a782b22888f956cce43e2c62f13
  insta_assets_crop: 960856014dc16c08c92b02caf56d197fdea56051

PODFILE CHECKSUM: 64e43fd78ccb9c88878b0cc9cfb3893b38bd32a6

COCOAPODS: 1.16.2
